// !$*UTF8*$!
{
	archiveVersion = 1;
	classes = {
	};
	objectVersion = 48;
	objects = {

/* Begin PBXBuildFile section */
		3D7AB44D2089326600CFA931 /* AssignViewController.m in Sources */ = {isa = PBXBuildFile; fileRef = 3D7AB44C2089326600CFA931 /* AssignViewController.m */; };
		3D7AB45020895B0A00CFA931 /* EventmanagerEquimentViewController.m in Sources */ = {isa = PBXBuildFile; fileRef = 3D7AB44F20895B0A00CFA931 /* EventmanagerEquimentViewController.m */; };
		3D7AB453208A431500CFA931 /* ScannerViewController.m in Sources */ = {isa = PBXBuildFile; fileRef = 3D7AB452208A431500CFA931 /* ScannerViewController.m */; };
		3D7AB456208A590A00CFA931 /* ExternalAccessory.framework in Frameworks */ = {isa = PBXBuildFile; fileRef = 3D7AB455208A590A00CFA931 /* ExternalAccessory.framework */; };
		3D7AB45B208A597500CFA931 /* libCaptuvoSDK.a in Frameworks */ = {isa = PBXBuildFile; fileRef = 3D7AB458208A597300CFA931 /* libCaptuvoSDK.a */; };
		3DEA768A20852333003B913D /* AppDelegate.m in Sources */ = {isa = PBXBuildFile; fileRef = 3DEA768920852333003B913D /* AppDelegate.m */; };
		3DEA769020852333003B913D /* Main.storyboard in Resources */ = {isa = PBXBuildFile; fileRef = 3DEA768E20852333003B913D /* Main.storyboard */; };
		3DEA769220852333003B913D /* Assets.xcassets in Resources */ = {isa = PBXBuildFile; fileRef = 3DEA769120852333003B913D /* Assets.xcassets */; };
		3DEA769520852333003B913D /* LaunchScreen.storyboard in Resources */ = {isa = PBXBuildFile; fileRef = 3DEA769320852333003B913D /* LaunchScreen.storyboard */; };
		3DEA769820852333003B913D /* main.m in Sources */ = {isa = PBXBuildFile; fileRef = 3DEA769720852333003B913D /* main.m */; };
		3DEA76A020865A92003B913D /* LoginViewController.m in Sources */ = {isa = PBXBuildFile; fileRef = 3DEA769F20865A92003B913D /* LoginViewController.m */; };
		3DEA76AC20865C1C003B913D /* MyriadPro-Black.ttf in Resources */ = {isa = PBXBuildFile; fileRef = 3DEA76AA20865C1B003B913D /* MyriadPro-Black.ttf */; };
		3DEA76AD20865C1C003B913D /* MyriadPro-Light.ttf in Resources */ = {isa = PBXBuildFile; fileRef = 3DEA76AB20865C1C003B913D /* MyriadPro-Light.ttf */; };
		3DEA76B020866719003B913D /* PreferencesViewController.m in Sources */ = {isa = PBXBuildFile; fileRef = 3DEA76AF20866719003B913D /* PreferencesViewController.m */; };
		3DEA76B320869E13003B913D /* HomeViewController.m in Sources */ = {isa = PBXBuildFile; fileRef = 3DEA76B220869E13003B913D /* HomeViewController.m */; };
		3DEA76B62086BC0A003B913D /* EventsViewController.m in Sources */ = {isa = PBXBuildFile; fileRef = 3DEA76B52086BC0A003B913D /* EventsViewController.m */; };
		3DEA76B92087AE12003B913D /* AddNewEventViewController.m in Sources */ = {isa = PBXBuildFile; fileRef = 3DEA76B82087AE12003B913D /* AddNewEventViewController.m */; };
		3DEA76BC2087D55D003B913D /* EventManagerEventViewController.m in Sources */ = {isa = PBXBuildFile; fileRef = 3DEA76BB2087D55D003B913D /* EventManagerEventViewController.m */; };
		3DEA76BF2087FF28003B913D /* AddRequestViewController.m in Sources */ = {isa = PBXBuildFile; fileRef = 3DEA76BE2087FF28003B913D /* AddRequestViewController.m */; };
		3DEA76C2208907FC003B913D /* EquipmentManagerEventViewController.m in Sources */ = {isa = PBXBuildFile; fileRef = 3DEA76C1208907FC003B913D /* EquipmentManagerEventViewController.m */; };
		3DEA76C5208914DC003B913D /* EquipmentManagerAssignViewController.m in Sources */ = {isa = PBXBuildFile; fileRef = 3DEA76C4208914DC003B913D /* EquipmentManagerAssignViewController.m */; };
/* End PBXBuildFile section */

/* Begin PBXFileReference section */
		3D7AB44B2089326600CFA931 /* AssignViewController.h */ = {isa = PBXFileReference; lastKnownFileType = sourcecode.c.h; path = AssignViewController.h; sourceTree = "<group>"; };
		3D7AB44C2089326600CFA931 /* AssignViewController.m */ = {isa = PBXFileReference; lastKnownFileType = sourcecode.c.objc; path = AssignViewController.m; sourceTree = "<group>"; };
		3D7AB44E20895B0A00CFA931 /* EventmanagerEquimentViewController.h */ = {isa = PBXFileReference; lastKnownFileType = sourcecode.c.h; path = EventmanagerEquimentViewController.h; sourceTree = "<group>"; };
		3D7AB44F20895B0A00CFA931 /* EventmanagerEquimentViewController.m */ = {isa = PBXFileReference; lastKnownFileType = sourcecode.c.objc; path = EventmanagerEquimentViewController.m; sourceTree = "<group>"; };
		3D7AB451208A431500CFA931 /* ScannerViewController.h */ = {isa = PBXFileReference; lastKnownFileType = sourcecode.c.h; path = ScannerViewController.h; sourceTree = "<group>"; };
		3D7AB452208A431500CFA931 /* ScannerViewController.m */ = {isa = PBXFileReference; lastKnownFileType = sourcecode.c.objc; path = ScannerViewController.m; sourceTree = "<group>"; };
		3D7AB455208A590A00CFA931 /* ExternalAccessory.framework */ = {isa = PBXFileReference; lastKnownFileType = wrapper.framework; name = ExternalAccessory.framework; path = System/Library/Frameworks/ExternalAccessory.framework; sourceTree = SDKROOT; };
		3D7AB458208A597300CFA931 /* libCaptuvoSDK.a */ = {isa = PBXFileReference; lastKnownFileType = archive.ar; path = libCaptuvoSDK.a; sourceTree = "<group>"; };
		3D7AB459208A597400CFA931 /* Captuvo.h */ = {isa = PBXFileReference; fileEncoding = 4; lastKnownFileType = sourcecode.c.h; path = Captuvo.h; sourceTree = "<group>"; };
		3D7AB45A208A597500CFA931 /* Captuvo+PrivateAPI.h */ = {isa = PBXFileReference; fileEncoding = 4; lastKnownFileType = sourcecode.c.h; path = "Captuvo+PrivateAPI.h"; sourceTree = "<group>"; };
		3DEA768520852332003B913D /* GearJuJu.app */ = {isa = PBXFileReference; explicitFileType = wrapper.application; includeInIndex = 0; path = GearJuJu.app; sourceTree = BUILT_PRODUCTS_DIR; };
		3DEA768820852333003B913D /* AppDelegate.h */ = {isa = PBXFileReference; lastKnownFileType = sourcecode.c.h; path = AppDelegate.h; sourceTree = "<group>"; };
		3DEA768920852333003B913D /* AppDelegate.m */ = {isa = PBXFileReference; lastKnownFileType = sourcecode.c.objc; path = AppDelegate.m; sourceTree = "<group>"; };
		3DEA768F20852333003B913D /* Base */ = {isa = PBXFileReference; lastKnownFileType = file.storyboard; name = Base; path = Base.lproj/Main.storyboard; sourceTree = "<group>"; };
		3DEA769120852333003B913D /* Assets.xcassets */ = {isa = PBXFileReference; lastKnownFileType = folder.assetcatalog; path = Assets.xcassets; sourceTree = "<group>"; };
		3DEA769420852333003B913D /* Base */ = {isa = PBXFileReference; lastKnownFileType = file.storyboard; name = Base; path = Base.lproj/LaunchScreen.storyboard; sourceTree = "<group>"; };
		3DEA769620852333003B913D /* Info.plist */ = {isa = PBXFileReference; lastKnownFileType = text.plist.xml; path = Info.plist; sourceTree = "<group>"; };
		3DEA769720852333003B913D /* main.m */ = {isa = PBXFileReference; lastKnownFileType = sourcecode.c.objc; path = main.m; sourceTree = "<group>"; };
		3DEA769E20865A92003B913D /* LoginViewController.h */ = {isa = PBXFileReference; lastKnownFileType = sourcecode.c.h; path = LoginViewController.h; sourceTree = "<group>"; };
		3DEA769F20865A92003B913D /* LoginViewController.m */ = {isa = PBXFileReference; lastKnownFileType = sourcecode.c.objc; path = LoginViewController.m; sourceTree = "<group>"; };
		3DEA76AA20865C1B003B913D /* MyriadPro-Black.ttf */ = {isa = PBXFileReference; lastKnownFileType = file; path = "MyriadPro-Black.ttf"; sourceTree = "<group>"; };
		3DEA76AB20865C1C003B913D /* MyriadPro-Light.ttf */ = {isa = PBXFileReference; lastKnownFileType = file; path = "MyriadPro-Light.ttf"; sourceTree = "<group>"; };
		3DEA76AE20866719003B913D /* PreferencesViewController.h */ = {isa = PBXFileReference; lastKnownFileType = sourcecode.c.h; path = PreferencesViewController.h; sourceTree = "<group>"; };
		3DEA76AF20866719003B913D /* PreferencesViewController.m */ = {isa = PBXFileReference; lastKnownFileType = sourcecode.c.objc; path = PreferencesViewController.m; sourceTree = "<group>"; };
		3DEA76B120869E13003B913D /* HomeViewController.h */ = {isa = PBXFileReference; lastKnownFileType = sourcecode.c.h; path = HomeViewController.h; sourceTree = "<group>"; };
		3DEA76B220869E13003B913D /* HomeViewController.m */ = {isa = PBXFileReference; lastKnownFileType = sourcecode.c.objc; path = HomeViewController.m; sourceTree = "<group>"; };
		3DEA76B42086BC0A003B913D /* EventsViewController.h */ = {isa = PBXFileReference; lastKnownFileType = sourcecode.c.h; path = EventsViewController.h; sourceTree = "<group>"; };
		3DEA76B52086BC0A003B913D /* EventsViewController.m */ = {isa = PBXFileReference; lastKnownFileType = sourcecode.c.objc; path = EventsViewController.m; sourceTree = "<group>"; };
		3DEA76B72087AE12003B913D /* AddNewEventViewController.h */ = {isa = PBXFileReference; lastKnownFileType = sourcecode.c.h; path = AddNewEventViewController.h; sourceTree = "<group>"; };
		3DEA76B82087AE12003B913D /* AddNewEventViewController.m */ = {isa = PBXFileReference; lastKnownFileType = sourcecode.c.objc; path = AddNewEventViewController.m; sourceTree = "<group>"; };
		3DEA76BA2087D55D003B913D /* EventManagerEventViewController.h */ = {isa = PBXFileReference; lastKnownFileType = sourcecode.c.h; path = EventManagerEventViewController.h; sourceTree = "<group>"; };
		3DEA76BB2087D55D003B913D /* EventManagerEventViewController.m */ = {isa = PBXFileReference; lastKnownFileType = sourcecode.c.objc; path = EventManagerEventViewController.m; sourceTree = "<group>"; };
		3DEA76BD2087FF28003B913D /* AddRequestViewController.h */ = {isa = PBXFileReference; lastKnownFileType = sourcecode.c.h; path = AddRequestViewController.h; sourceTree = "<group>"; };
		3DEA76BE2087FF28003B913D /* AddRequestViewController.m */ = {isa = PBXFileReference; lastKnownFileType = sourcecode.c.objc; path = AddRequestViewController.m; sourceTree = "<group>"; };
		3DEA76C0208907FC003B913D /* EquipmentManagerEventViewController.h */ = {isa = PBXFileReference; lastKnownFileType = sourcecode.c.h; path = EquipmentManagerEventViewController.h; sourceTree = "<group>"; };
		3DEA76C1208907FC003B913D /* EquipmentManagerEventViewController.m */ = {isa = PBXFileReference; lastKnownFileType = sourcecode.c.objc; path = EquipmentManagerEventViewController.m; sourceTree = "<group>"; };
		3DEA76C3208914DC003B913D /* EquipmentManagerAssignViewController.h */ = {isa = PBXFileReference; lastKnownFileType = sourcecode.c.h; path = EquipmentManagerAssignViewController.h; sourceTree = "<group>"; };
		3DEA76C4208914DC003B913D /* EquipmentManagerAssignViewController.m */ = {isa = PBXFileReference; lastKnownFileType = sourcecode.c.objc; path = EquipmentManagerAssignViewController.m; sourceTree = "<group>"; };
/* End PBXFileReference section */

/* Begin PBXFrameworksBuildPhase section */
		3DEA768220852332003B913D /* Frameworks */ = {
			isa = PBXFrameworksBuildPhase;
			buildActionMask = 2147483647;
			files = (
				3D7AB456208A590A00CFA931 /* ExternalAccessory.framework in Frameworks */,
				3D7AB45B208A597500CFA931 /* libCaptuvoSDK.a in Frameworks */,
			);
			runOnlyForDeploymentPostprocessing = 0;
		};
/* End PBXFrameworksBuildPhase section */

/* Begin PBXGroup section */
		3D7AB454208A590A00CFA931 /* Frameworks */ = {
			isa = PBXGroup;
			children = (
				3D7AB455208A590A00CFA931 /* ExternalAccessory.framework */,
			);
			name = Frameworks;
			sourceTree = "<group>";
		};
		3D7AB457208A595500CFA931 /* include */ = {
			isa = PBXGroup;
			children = (
				3D7AB459208A597400CFA931 /* Captuvo.h */,
				3D7AB45A208A597500CFA931 /* Captuvo+PrivateAPI.h */,
				3D7AB458208A597300CFA931 /* libCaptuvoSDK.a */,
			);
			path = include;
			sourceTree = "<group>";
		};
		3DEA767C20852332003B913D = {
			isa = PBXGroup;
			children = (
				3DEA768720852332003B913D /* GearJuJu */,
				3DEA768620852332003B913D /* Products */,
				3D7AB454208A590A00CFA931 /* Frameworks */,
			);
			sourceTree = "<group>";
		};
		3DEA768620852332003B913D /* Products */ = {
			isa = PBXGroup;
			children = (
				3DEA768520852332003B913D /* GearJuJu.app */,
			);
			name = Products;
			sourceTree = "<group>";
		};
		3DEA768720852332003B913D /* GearJuJu */ = {
			isa = PBXGroup;
			children = (
				3D7AB457208A595500CFA931 /* include */,
				3DEA76A920865C07003B913D /* Fonts */,
				3DEA768820852333003B913D /* AppDelegate.h */,
				3DEA768920852333003B913D /* AppDelegate.m */,
				3DEA768E20852333003B913D /* Main.storyboard */,
				3DEA769120852333003B913D /* Assets.xcassets */,
				3DEA769320852333003B913D /* LaunchScreen.storyboard */,
				3DEA769620852333003B913D /* Info.plist */,
				3DEA769720852333003B913D /* main.m */,
				3DEA769E20865A92003B913D /* LoginViewController.h */,
				3DEA769F20865A92003B913D /* LoginViewController.m */,
				3DEA76AE20866719003B913D /* PreferencesViewController.h */,
				3DEA76AF20866719003B913D /* PreferencesViewController.m */,
				3DEA76B120869E13003B913D /* HomeViewController.h */,
				3DEA76B220869E13003B913D /* HomeViewController.m */,
				3DEA76B42086BC0A003B913D /* EventsViewController.h */,
				3DEA76B52086BC0A003B913D /* EventsViewController.m */,
				3DEA76B72087AE12003B913D /* AddNewEventViewController.h */,
				3DEA76B82087AE12003B913D /* AddNewEventViewController.m */,
				3DEA76BA2087D55D003B913D /* EventManagerEventViewController.h */,
				3DEA76BB2087D55D003B913D /* EventManagerEventViewController.m */,
				3DEA76BD2087FF28003B913D /* AddRequestViewController.h */,
				3DEA76BE2087FF28003B913D /* AddRequestViewController.m */,
				3DEA76C0208907FC003B913D /* EquipmentManagerEventViewController.h */,
				3DEA76C1208907FC003B913D /* EquipmentManagerEventViewController.m */,
				3DEA76C3208914DC003B913D /* EquipmentManagerAssignViewController.h */,
				3DEA76C4208914DC003B913D /* EquipmentManagerAssignViewController.m */,
				3D7AB44B2089326600CFA931 /* AssignViewController.h */,
				3D7AB44C2089326600CFA931 /* AssignViewController.m */,
				3D7AB44E20895B0A00CFA931 /* EventmanagerEquimentViewController.h */,
				3D7AB44F20895B0A00CFA931 /* EventmanagerEquimentViewController.m */,
				3D7AB451208A431500CFA931 /* ScannerViewController.h */,
				3D7AB452208A431500CFA931 /* ScannerViewController.m */,
			);
			path = GearJuJu;
			sourceTree = "<group>";
		};
		3DEA76A920865C07003B913D /* Fonts */ = {
			isa = PBXGroup;
			children = (
				3DEA76AA20865C1B003B913D /* MyriadPro-Black.ttf */,
				3DEA76AB20865C1C003B913D /* MyriadPro-Light.ttf */,
			);
			path = Fonts;
			sourceTree = "<group>";
		};
/* End PBXGroup section */

/* Begin PBXNativeTarget section */
		3DEA768420852332003B913D /* GearJuJu */ = {
			isa = PBXNativeTarget;
			buildConfigurationList = 3DEA769B20852333003B913D /* Build configuration list for PBXNativeTarget "GearJuJu" */;
			buildPhases = (
				3DEA768120852332003B913D /* Sources */,
				3DEA768220852332003B913D /* Frameworks */,
				3DEA768320852332003B913D /* Resources */,
			);
			buildRules = (
			);
			dependencies = (
			);
			name = GearJuJu;
			productName = GearJuJu;
			productReference = 3DEA768520852332003B913D /* GearJuJu.app */;
			productType = "com.apple.product-type.application";
		};
/* End PBXNativeTarget section */

/* Begin PBXProject section */
		3DEA767D20852332003B913D /* Project object */ = {
			isa = PBXProject;
			attributes = {
				LastUpgradeCheck = 0920;
				ORGANIZATIONNAME = "Pride Group LLC";
				TargetAttributes = {
					3DEA768420852332003B913D = {
						CreatedOnToolsVersion = 9.2;
						ProvisioningStyle = Automatic;
					};
				};
			};
			buildConfigurationList = 3DEA768020852332003B913D /* Build configuration list for PBXProject "GearJuJu" */;
			compatibilityVersion = "Xcode 8.0";
			developmentRegion = en;
			hasScannedForEncodings = 0;
			knownRegions = (
				en,
				Base,
			);
			mainGroup = 3DEA767C20852332003B913D;
			productRefGroup = 3DEA768620852332003B913D /* Products */;
			projectDirPath = "";
			projectRoot = "";
			targets = (
				3DEA768420852332003B913D /* GearJuJu */,
			);
		};
/* End PBXProject section */

/* Begin PBXResourcesBuildPhase section */
		3DEA768320852332003B913D /* Resources */ = {
			isa = PBXResourcesBuildPhase;
			buildActionMask = 2147483647;
			files = (
				3DEA76AC20865C1C003B913D /* MyriadPro-Black.ttf in Resources */,
				3DEA76AD20865C1C003B913D /* MyriadPro-Light.ttf in Resources */,
				3DEA769520852333003B913D /* LaunchScreen.storyboard in Resources */,
				3DEA769220852333003B913D /* Assets.xcassets in Resources */,
				3DEA769020852333003B913D /* Main.storyboard in Resources */,
			);
			runOnlyForDeploymentPostprocessing = 0;
		};
/* End PBXResourcesBuildPhase section */

/* Begin PBXSourcesBuildPhase section */
		3DEA768120852332003B913D /* Sources */ = {
			isa = PBXSourcesBuildPhase;
			buildActionMask = 2147483647;
			files = (
				3DEA76B92087AE12003B913D /* AddNewEventViewController.m in Sources */,
				3D7AB45020895B0A00CFA931 /* EventmanagerEquimentViewController.m in Sources */,
				3DEA76A020865A92003B913D /* LoginViewController.m in Sources */,
				3DEA76B62086BC0A003B913D /* EventsViewController.m in Sources */,
				3DEA76C5208914DC003B913D /* EquipmentManagerAssignViewController.m in Sources */,
				3DEA76B020866719003B913D /* PreferencesViewController.m in Sources */,
				3D7AB44D2089326600CFA931 /* AssignViewController.m in Sources */,
				3DEA769820852333003B913D /* main.m in Sources */,
				3DEA768A20852333003B913D /* AppDelegate.m in Sources */,
				3D7AB453208A431500CFA931 /* ScannerViewController.m in Sources */,
				3DEA76C2208907FC003B913D /* EquipmentManagerEventViewController.m in Sources */,
				3DEA76BC2087D55D003B913D /* EventManagerEventViewController.m in Sources */,
				3DEA76BF2087FF28003B913D /* AddRequestViewController.m in Sources */,
				3DEA76B320869E13003B913D /* HomeViewController.m in Sources */,
			);
			runOnlyForDeploymentPostprocessing = 0;
		};
/* End PBXSourcesBuildPhase section */

/* Begin PBXVariantGroup section */
		3DEA768E20852333003B913D /* Main.storyboard */ = {
			isa = PBXVariantGroup;
			children = (
				3DEA768F20852333003B913D /* Base */,
			);
			name = Main.storyboard;
			sourceTree = "<group>";
		};
		3DEA769320852333003B913D /* LaunchScreen.storyboard */ = {
			isa = PBXVariantGroup;
			children = (
				3DEA769420852333003B913D /* Base */,
			);
			name = LaunchScreen.storyboard;
			sourceTree = "<group>";
		};
/* End PBXVariantGroup section */

/* Begin XCBuildConfiguration section */
		3DEA769920852333003B913D /* Debug */ = {
			isa = XCBuildConfiguration;
			buildSettings = {
				ALWAYS_SEARCH_USER_PATHS = NO;
				CLANG_ANALYZER_NONNULL = YES;
				CLANG_ANALYZER_NUMBER_OBJECT_CONVERSION = YES_AGGRESSIVE;
				CLANG_CXX_LANGUAGE_STANDARD = "gnu++14";
				CLANG_CXX_LIBRARY = "libc++";
				CLANG_ENABLE_MODULES = YES;
				CLANG_ENABLE_OBJC_ARC = YES;
				CLANG_WARN_BLOCK_CAPTURE_AUTORELEASING = YES;
				CLANG_WARN_BOOL_CONVERSION = YES;
				CLANG_WARN_COMMA = YES;
				CLANG_WARN_CONSTANT_CONVERSION = YES;
				CLANG_WARN_DIRECT_OBJC_ISA_USAGE = YES_ERROR;
				CLANG_WARN_DOCUMENTATION_COMMENTS = YES;
				CLANG_WARN_EMPTY_BODY = YES;
				CLANG_WARN_ENUM_CONVERSION = YES;
				CLANG_WARN_INFINITE_RECURSION = YES;
				CLANG_WARN_INT_CONVERSION = YES;
				CLANG_WARN_NON_LITERAL_NULL_CONVERSION = YES;
				CLANG_WARN_OBJC_LITERAL_CONVERSION = YES;
				CLANG_WARN_OBJC_ROOT_CLASS = YES_ERROR;
				CLANG_WARN_RANGE_LOOP_ANALYSIS = YES;
				CLANG_WARN_STRICT_PROTOTYPES = YES;
				CLANG_WARN_SUSPICIOUS_MOVE = YES;
				CLANG_WARN_UNGUARDED_AVAILABILITY = YES_AGGRESSIVE;
				CLANG_WARN_UNREACHABLE_CODE = YES;
				CLANG_WARN__DUPLICATE_METHOD_MATCH = YES;
				CODE_SIGN_IDENTITY = "iPhone Developer";
				COPY_PHASE_STRIP = NO;
				DEBUG_INFORMATION_FORMAT = dwarf;
				ENABLE_STRICT_OBJC_MSGSEND = YES;
				ENABLE_TESTABILITY = YES;
				GCC_C_LANGUAGE_STANDARD = gnu11;
				GCC_DYNAMIC_NO_PIC = NO;
				GCC_NO_COMMON_BLOCKS = YES;
				GCC_OPTIMIZATION_LEVEL = 0;
				GCC_PREPROCESSOR_DEFINITIONS = (
					"DEBUG=1",
					"$(inherited)",
				);
				GCC_WARN_64_TO_32_BIT_CONVERSION = YES;
				GCC_WARN_ABOUT_RETURN_TYPE = YES_ERROR;
				GCC_WARN_UNDECLARED_SELECTOR = YES;
				GCC_WARN_UNINITIALIZED_AUTOS = YES_AGGRESSIVE;
				GCC_WARN_UNUSED_FUNCTION = YES;
				GCC_WARN_UNUSED_VARIABLE = YES;
				IPHONEOS_DEPLOYMENT_TARGET = 9.3;
				MTL_ENABLE_DEBUG_INFO = YES;
				ONLY_ACTIVE_ARCH = YES;
				SDKROOT = iphoneos;
			};
			name = Debug;
		};
		3DEA769A20852333003B913D /* Release */ = {
			isa = XCBuildConfiguration;
			buildSettings = {
				ALWAYS_SEARCH_USER_PATHS = NO;
				CLANG_ANALYZER_NONNULL = YES;
				CLANG_ANALYZER_NUMBER_OBJECT_CONVERSION = YES_AGGRESSIVE;
				CLANG_CXX_LANGUAGE_STANDARD = "gnu++14";
				CLANG_CXX_LIBRARY = "libc++";
				CLANG_ENABLE_MODULES = YES;
				CLANG_ENABLE_OBJC_ARC = YES;
				CLANG_WARN_BLOCK_CAPTURE_AUTORELEASING = YES;
				CLANG_WARN_BOOL_CONVERSION = YES;
				CLANG_WARN_COMMA = YES;
				CLANG_WARN_CONSTANT_CONVERSION = YES;
				CLANG_WARN_DIRECT_OBJC_ISA_USAGE = YES_ERROR;
				CLANG_WARN_DOCUMENTATION_COMMENTS = YES;
				CLANG_WARN_EMPTY_BODY = YES;
				CLANG_WARN_ENUM_CONVERSION = YES;
				CLANG_WARN_INFINITE_RECURSION = YES;
				CLANG_WARN_INT_CONVERSION = YES;
				CLANG_WARN_NON_LITERAL_NULL_CONVERSION = YES;
				CLANG_WARN_OBJC_LITERAL_CONVERSION = YES;
				CLANG_WARN_OBJC_ROOT_CLASS = YES_ERROR;
				CLANG_WARN_RANGE_LOOP_ANALYSIS = YES;
				CLANG_WARN_STRICT_PROTOTYPES = YES;
				CLANG_WARN_SUSPICIOUS_MOVE = YES;
				CLANG_WARN_UNGUARDED_AVAILABILITY = YES_AGGRESSIVE;
				CLANG_WARN_UNREACHABLE_CODE = YES;
				CLANG_WARN__DUPLICATE_METHOD_MATCH = YES;
				CODE_SIGN_IDENTITY = "iPhone Developer";
				COPY_PHASE_STRIP = NO;
				DEBUG_INFORMATION_FORMAT = "dwarf-with-dsym";
				ENABLE_NS_ASSERTIONS = NO;
				ENABLE_STRICT_OBJC_MSGSEND = YES;
				GCC_C_LANGUAGE_STANDARD = gnu11;
				GCC_NO_COMMON_BLOCKS = YES;
				GCC_WARN_64_TO_32_BIT_CONVERSION = YES;
				GCC_WARN_ABOUT_RETURN_TYPE = YES_ERROR;
				GCC_WARN_UNDECLARED_SELECTOR = YES;
				GCC_WARN_UNINITIALIZED_AUTOS = YES_AGGRESSIVE;
				GCC_WARN_UNUSED_FUNCTION = YES;
				GCC_WARN_UNUSED_VARIABLE = YES;
				IPHONEOS_DEPLOYMENT_TARGET = 9.3;
				MTL_ENABLE_DEBUG_INFO = NO;
				SDKROOT = iphoneos;
				VALIDATE_PRODUCT = YES;
			};
			name = Release;
		};
		3DEA769C20852333003B913D /* Debug */ = {
			isa = XCBuildConfiguration;
			buildSettings = {
				ASSETCATALOG_COMPILER_APPICON_NAME = AppIcon;
				CODE_SIGN_STYLE = Automatic;
				DEVELOPMENT_TEAM = QE4M795CGF;
				INFOPLIST_FILE = GearJuJu/Info.plist;
				IPHONEOS_DEPLOYMENT_TARGET = 9.3;
				LD_RUNPATH_SEARCH_PATHS = "$(inherited) @executable_path/Frameworks";
				LIBRARY_SEARCH_PATHS = (
					"$(inherited)",
					"$(PROJECT_DIR)/GearJuJu/include",
				);
				PRODUCT_BUNDLE_IDENTIFIER = us.pridegroup.GearJuJu;
				PRODUCT_NAME = "$(TARGET_NAME)";
				TARGETED_DEVICE_FAMILY = 1;
			};
			name = Debug;
		};
		3DEA769D20852333003B913D /* Release */ = {
			isa = XCBuildConfiguration;
			buildSettings = {
				ASSETCATALOG_COMPILER_APPICON_NAME = AppIcon;
				CODE_SIGN_STYLE = Automatic;
				DEVELOPMENT_TEAM = QE4M795CGF;
				INFOPLIST_FILE = GearJuJu/Info.plist;
				IPHONEOS_DEPLOYMENT_TARGET = 9.3;
				LD_RUNPATH_SEARCH_PATHS = "$(inherited) @executable_path/Frameworks";
				LIBRARY_SEARCH_PATHS = (
					"$(inherited)",
					"$(PROJECT_DIR)/GearJuJu/include",
				);
				PRODUCT_BUNDLE_IDENTIFIER = us.pridegroup.GearJuJu;
				PRODUCT_NAME = "$(TARGET_NAME)";
				TARGETED_DEVICE_FAMILY = 1;
			};
			name = Release;
		};
/* End XCBuildConfiguration section */

/* Begin XCConfigurationList section */
		3DEA768020852332003B913D /* Build configuration list for PBXProject "GearJuJu" */ = {
			isa = XCConfigurationList;
			buildConfigurations = (
				3DEA769920852333003B913D /* Debug */,
				3DEA769A20852333003B913D /* Release */,
			);
			defaultConfigurationIsVisible = 0;
			defaultConfigurationName = Release;
		};
		3DEA769B20852333003B913D /* Build configuration list for PBXNativeTarget "GearJuJu" */ = {
			isa = XCConfigurationList;
			buildConfigurations = (
				3DEA769C20852333003B913D /* Debug */,
				3DEA769D20852333003B913D /* Release */,
			);
			defaultConfigurationIsVisible = 0;
			defaultConfigurationName = Release;
		};
/* End XCConfigurationList section */
	};
	rootObject = 3DEA767D20852332003B913D /* Project object */;
}
